// !$*UTF8*$!
{
	archiveVersion = 1;
	classes = {
	};
	objectVersion = 46;
	objects = {

/* Begin PBXBuildFile section */
		3494D35E1B6BD506000C252B /* main.m in Sources */ = {isa = PBXBuildFile; fileRef = 3494D35D1B6BD506000C252B /* main.m */; };
		3494D3611B6BD506000C252B /* AppDelegate.m in Sources */ = {isa = PBXBuildFile; fileRef = 3494D3601B6BD506000C252B /* AppDelegate.m */; };
		3494D3641B6BD506000C252B /* ViewController.m in Sources */ = {isa = PBXBuildFile; fileRef = 3494D3631B6BD506000C252B /* ViewController.m */; };
		3494D3671B6BD506000C252B /* Main.storyboard in Resources */ = {isa = PBXBuildFile; fileRef = 3494D3651B6BD506000C252B /* Main.storyboard */; };
		3494D3691B6BD506000C252B /* Images.xcassets in Resources */ = {isa = PBXBuildFile; fileRef = 3494D3681B6BD506000C252B /* Images.xcassets */; };
		3494D36C1B6BD506000C252B /* LaunchScreen.xib in Resources */ = {isa = PBXBuildFile; fileRef = 3494D36A1B6BD506000C252B /* LaunchScreen.xib */; };
		3494D3831B6BD529000C252B /* UIView+USGViewFrame.m in Sources */ = {isa = PBXBuildFile; fileRef = 3494D3821B6BD529000C252B /* UIView+USGViewFrame.m */; };
		3494D38A1B6BDB49000C252B /* USGScrollingTabBar.m in Sources */ = {isa = PBXBuildFile; fileRef = 3494D3891B6BDB49000C252B /* USGScrollingTabBar.m */; };
		3494D3921B6BE925000C252B /* USGScrollingTabCell.m in Sources */ = {isa = PBXBuildFile; fileRef = 3494D3901B6BE925000C252B /* USGScrollingTabCell.m */; };
		3494D3931B6BE925000C252B /* USGScrollingTabCell.xib in Resources */ = {isa = PBXBuildFile; fileRef = 3494D3911B6BE925000C252B /* USGScrollingTabCell.xib */; };
/* End PBXBuildFile section */

/* Begin PBXFileReference section */
		3494D3581B6BD506000C252B /* ScrollingTabBar.app */ = {isa = PBXFileReference; explicitFileType = wrapper.application; includeInIndex = 0; path = ScrollingTabBar.app; sourceTree = BUILT_PRODUCTS_DIR; };
		3494D35C1B6BD506000C252B /* Info.plist */ = {isa = PBXFileReference; lastKnownFileType = text.plist.xml; path = Info.plist; sourceTree = "<group>"; };
		3494D35D1B6BD506000C252B /* main.m */ = {isa = PBXFileReference; lastKnownFileType = sourcecode.c.objc; path = main.m; sourceTree = "<group>"; };
		3494D35F1B6BD506000C252B /* AppDelegate.h */ = {isa = PBXFileReference; lastKnownFileType = sourcecode.c.h; path = AppDelegate.h; sourceTree = "<group>"; };
		3494D3601B6BD506000C252B /* AppDelegate.m */ = {isa = PBXFileReference; lastKnownFileType = sourcecode.c.objc; path = AppDelegate.m; sourceTree = "<group>"; };
		3494D3621B6BD506000C252B /* ViewController.h */ = {isa = PBXFileReference; lastKnownFileType = sourcecode.c.h; path = ViewController.h; sourceTree = "<group>"; };
		3494D3631B6BD506000C252B /* ViewController.m */ = {isa = PBXFileReference; lastKnownFileType = sourcecode.c.objc; path = ViewController.m; sourceTree = "<group>"; };
		3494D3661B6BD506000C252B /* Base */ = {isa = PBXFileReference; lastKnownFileType = file.storyboard; name = Base; path = Base.lproj/Main.storyboard; sourceTree = "<group>"; };
		3494D3681B6BD506000C252B /* Images.xcassets */ = {isa = PBXFileReference; lastKnownFileType = folder.assetcatalog; path = Images.xcassets; sourceTree = "<group>"; };
		3494D36B1B6BD506000C252B /* Base */ = {isa = PBXFileReference; lastKnownFileType = file.xib; name = Base; path = Base.lproj/LaunchScreen.xib; sourceTree = "<group>"; };
		3494D3811B6BD529000C252B /* UIView+USGViewFrame.h */ = {isa = PBXFileReference; fileEncoding = 4; lastKnownFileType = sourcecode.c.h; path = "UIView+USGViewFrame.h"; sourceTree = "<group>"; };
		3494D3821B6BD529000C252B /* UIView+USGViewFrame.m */ = {isa = PBXFileReference; fileEncoding = 4; lastKnownFileType = sourcecode.c.objc; path = "UIView+USGViewFrame.m"; sourceTree = "<group>"; };
		3494D3881B6BDB49000C252B /* USGScrollingTabBar.h */ = {isa = PBXFileReference; fileEncoding = 4; lastKnownFileType = sourcecode.c.h; path = USGScrollingTabBar.h; sourceTree = "<group>"; };
		3494D3891B6BDB49000C252B /* USGScrollingTabBar.m */ = {isa = PBXFileReference; fileEncoding = 4; lastKnownFileType = sourcecode.c.objc; path = USGScrollingTabBar.m; sourceTree = "<group>"; };
		3494D38F1B6BE925000C252B /* USGScrollingTabCell.h */ = {isa = PBXFileReference; fileEncoding = 4; lastKnownFileType = sourcecode.c.h; path = USGScrollingTabCell.h; sourceTree = "<group>"; };
		3494D3901B6BE925000C252B /* USGScrollingTabCell.m */ = {isa = PBXFileReference; fileEncoding = 4; lastKnownFileType = sourcecode.c.objc; path = USGScrollingTabCell.m; sourceTree = "<group>"; };
		3494D3911B6BE925000C252B /* USGScrollingTabCell.xib */ = {isa = PBXFileReference; fileEncoding = 4; lastKnownFileType = file.xib; path = USGScrollingTabCell.xib; sourceTree = "<group>"; };
/* End PBXFileReference section */

/* Begin PBXFrameworksBuildPhase section */
		3494D3551B6BD506000C252B /* Frameworks */ = {
			isa = PBXFrameworksBuildPhase;
			buildActionMask = 2147483647;
			files = (
			);
			runOnlyForDeploymentPostprocessing = 0;
		};
/* End PBXFrameworksBuildPhase section */

/* Begin PBXGroup section */
		3494D34F1B6BD506000C252B = {
			isa = PBXGroup;
			children = (
				3494D35A1B6BD506000C252B /* ScrollingTabBar */,
				3494D3591B6BD506000C252B /* Products */,
			);
			sourceTree = "<group>";
		};
		3494D3591B6BD506000C252B /* Products */ = {
			isa = PBXGroup;
			children = (
				3494D3581B6BD506000C252B /* ScrollingTabBar.app */,
			);
			name = Products;
			sourceTree = "<group>";
		};
		3494D35A1B6BD506000C252B /* ScrollingTabBar */ = {
			isa = PBXGroup;
			children = (
				3494D38B1B6BDCAF000C252B /* Demo */,
				3494D3871B6BDB49000C252B /* USGScrollingTabBar */,
				3494D3811B6BD529000C252B /* UIView+USGViewFrame.h */,
				3494D3821B6BD529000C252B /* UIView+USGViewFrame.m */,
			);
			path = ScrollingTabBar;
			sourceTree = "<group>";
		};
		3494D35B1B6BD506000C252B /* Supporting Files */ = {
			isa = PBXGroup;
			children = (
				3494D35C1B6BD506000C252B /* Info.plist */,
				3494D35D1B6BD506000C252B /* main.m */,
			);
			name = "Supporting Files";
			sourceTree = "<group>";
		};
		3494D3871B6BDB49000C252B /* USGScrollingTabBar */ = {
			isa = PBXGroup;
			children = (
				3494D3881B6BDB49000C252B /* USGScrollingTabBar.h */,
				3494D3891B6BDB49000C252B /* USGScrollingTabBar.m */,
				3494D38F1B6BE925000C252B /* USGScrollingTabCell.h */,
				3494D3901B6BE925000C252B /* USGScrollingTabCell.m */,
				3494D3911B6BE925000C252B /* USGScrollingTabCell.xib */,
			);
			path = USGScrollingTabBar;
			sourceTree = "<group>";
		};
		3494D38B1B6BDCAF000C252B /* Demo */ = {
			isa = PBXGroup;
			children = (
				3494D3681B6BD506000C252B /* Images.xcassets */,
				3494D36A1B6BD506000C252B /* LaunchScreen.xib */,
				3494D35B1B6BD506000C252B /* Supporting Files */,
				3494D35F1B6BD506000C252B /* AppDelegate.h */,
				3494D3601B6BD506000C252B /* AppDelegate.m */,
				3494D3621B6BD506000C252B /* ViewController.h */,
				3494D3631B6BD506000C252B /* ViewController.m */,
				3494D3651B6BD506000C252B /* Main.storyboard */,
			);
			name = Demo;
			sourceTree = "<group>";
		};
/* End PBXGroup section */

/* Begin PBXNativeTarget section */
		3494D3571B6BD506000C252B /* ScrollingTabBar */ = {
			isa = PBXNativeTarget;
			buildConfigurationList = 3494D37B1B6BD506000C252B /* Build configuration list for PBXNativeTarget "ScrollingTabBar" */;
			buildPhases = (
				3494D3541B6BD506000C252B /* Sources */,
				3494D3551B6BD506000C252B /* Frameworks */,
				3494D3561B6BD506000C252B /* Resources */,
			);
			buildRules = (
			);
			dependencies = (
			);
			name = ScrollingTabBar;
			productName = ScrollingTabBar;
			productReference = 3494D3581B6BD506000C252B /* ScrollingTabBar.app */;
			productType = "com.apple.product-type.application";
		};
/* End PBXNativeTarget section */

/* Begin PBXProject section */
		3494D3501B6BD506000C252B /* Project object */ = {
			isa = PBXProject;
			attributes = {
				CLASSPREFIX = USG;
				LastUpgradeCheck = 0640;
				ORGANIZATIONNAME = usagimaru;
				TargetAttributes = {
					3494D3571B6BD506000C252B = {
						CreatedOnToolsVersion = 6.4;
					};
				};
			};
			buildConfigurationList = 3494D3531B6BD506000C252B /* Build configuration list for PBXProject "ScrollingTabBar" */;
			compatibilityVersion = "Xcode 3.2";
			developmentRegion = English;
			hasScannedForEncodings = 0;
			knownRegions = (
				en,
				Base,
			);
			mainGroup = 3494D34F1B6BD506000C252B;
			productRefGroup = 3494D3591B6BD506000C252B /* Products */;
			projectDirPath = "";
			projectRoot = "";
			targets = (
				3494D3571B6BD506000C252B /* ScrollingTabBar */,
			);
		};
/* End PBXProject section */

/* Begin PBXResourcesBuildPhase section */
		3494D3561B6BD506000C252B /* Resources */ = {
			isa = PBXResourcesBuildPhase;
			buildActionMask = 2147483647;
			files = (
				3494D3671B6BD506000C252B /* Main.storyboard in Resources */,
				3494D36C1B6BD506000C252B /* LaunchScreen.xib in Resources */,
				3494D3691B6BD506000C252B /* Images.xcassets in Resources */,
				3494D3931B6BE925000C252B /* USGScrollingTabCell.xib in Resources */,
			);
			runOnlyForDeploymentPostprocessing = 0;
		};
/* End PBXResourcesBuildPhase section */

/* Begin PBXSourcesBuildPhase section */
		3494D3541B6BD506000C252B /* Sources */ = {
			isa = PBXSourcesBuildPhase;
			buildActionMask = 2147483647;
			files = (
				3494D3641B6BD506000C252B /* ViewController.m in Sources */,
				3494D38A1B6BDB49000C252B /* USGScrollingTabBar.m in Sources */,
				3494D3831B6BD529000C252B /* UIView+USGViewFrame.m in Sources */,
				3494D3921B6BE925000C252B /* USGScrollingTabCell.m in Sources */,
				3494D3611B6BD506000C252B /* AppDelegate.m in Sources */,
				3494D35E1B6BD506000C252B /* main.m in Sources */,
			);
			runOnlyForDeploymentPostprocessing = 0;
		};
/* End PBXSourcesBuildPhase section */

/* Begin PBXVariantGroup section */
		3494D3651B6BD506000C252B /* Main.storyboard */ = {
			isa = PBXVariantGroup;
			children = (
				3494D3661B6BD506000C252B /* Base */,
			);
			name = Main.storyboard;
			sourceTree = "<group>";
		};
		3494D36A1B6BD506000C252B /* LaunchScreen.xib */ = {
			isa = PBXVariantGroup;
			children = (
				3494D36B1B6BD506000C252B /* Base */,
			);
			name = LaunchScreen.xib;
			sourceTree = "<group>";
		};
/* End PBXVariantGroup section */

/* Begin XCBuildConfiguration section */
		3494D3791B6BD506000C252B /* Debug */ = {
			isa = XCBuildConfiguration;
			buildSettings = {
				ALWAYS_SEARCH_USER_PATHS = NO;
				CLANG_CXX_LANGUAGE_STANDARD = "gnu++0x";
				CLANG_CXX_LIBRARY = "libc++";
				CLANG_ENABLE_MODULES = YES;
				CLANG_ENABLE_OBJC_ARC = YES;
				CLANG_WARN_BOOL_CONVERSION = YES;
				CLANG_WARN_CONSTANT_CONVERSION = YES;
				CLANG_WARN_DIRECT_OBJC_ISA_USAGE = YES_ERROR;
				CLANG_WARN_EMPTY_BODY = YES;
				CLANG_WARN_ENUM_CONVERSION = YES;
				CLANG_WARN_INT_CONVERSION = YES;
				CLANG_WARN_OBJC_ROOT_CLASS = YES_ERROR;
				CLANG_WARN_UNREACHABLE_CODE = YES;
				CLANG_WARN__DUPLICATE_METHOD_MATCH = YES;
				"CODE_SIGN_IDENTITY[sdk=iphoneos*]" = "iPhone Developer";
				COPY_PHASE_STRIP = NO;
				DEBUG_INFORMATION_FORMAT = "dwarf-with-dsym";
				ENABLE_STRICT_OBJC_MSGSEND = YES;
				GCC_C_LANGUAGE_STANDARD = gnu99;
				GCC_DYNAMIC_NO_PIC = NO;
				GCC_NO_COMMON_BLOCKS = YES;
				GCC_OPTIMIZATION_LEVEL = 0;
				GCC_PREPROCESSOR_DEFINITIONS = (
					"DEBUG=1",
					"$(inherited)",
				);
				GCC_SYMBOLS_PRIVATE_EXTERN = NO;
				GCC_WARN_64_TO_32_BIT_CONVERSION = YES;
				GCC_WARN_ABOUT_RETURN_TYPE = YES_ERROR;
				GCC_WARN_UNDECLARED_SELECTOR = YES;
				GCC_WARN_UNINITIALIZED_AUTOS = YES_AGGRESSIVE;
				GCC_WARN_UNUSED_FUNCTION = YES;
				GCC_WARN_UNUSED_VARIABLE = YES;
				IPHONEOS_DEPLOYMENT_TARGET = 8.1;
				MTL_ENABLE_DEBUG_INFO = YES;
				ONLY_ACTIVE_ARCH = YES;
				SDKROOT = iphoneos;
			};
			name = Debug;
		};
		3494D37A1B6BD506000C252B /* Release */ = {
			isa = XCBuildConfiguration;
			buildSettings = {
				ALWAYS_SEARCH_USER_PATHS = NO;
				CLANG_CXX_LANGUAGE_STANDARD = "gnu++0x";
				CLANG_CXX_LIBRARY = "libc++";
				CLANG_ENABLE_MODULES = YES;
				CLANG_ENABLE_OBJC_ARC = YES;
				CLANG_WARN_BOOL_CONVERSION = YES;
				CLANG_WARN_CONSTANT_CONVERSION = YES;
				CLANG_WARN_DIRECT_OBJC_ISA_USAGE = YES_ERROR;
				CLANG_WARN_EMPTY_BODY = YES;
				CLANG_WARN_ENUM_CONVERSION = YES;
				CLANG_WARN_INT_CONVERSION = YES;
				CLANG_WARN_OBJC_ROOT_CLASS = YES_ERROR;
				CLANG_WARN_UNREACHABLE_CODE = YES;
				CLANG_WARN__DUPLICATE_METHOD_MATCH = YES;
				"CODE_SIGN_IDENTITY[sdk=iphoneos*]" = "iPhone Developer";
				COPY_PHASE_STRIP = NO;
				DEBUG_INFORMATION_FORMAT = "dwarf-with-dsym";
				ENABLE_NS_ASSERTIONS = NO;
				ENABLE_STRICT_OBJC_MSGSEND = YES;
				GCC_C_LANGUAGE_STANDARD = gnu99;
				GCC_NO_COMMON_BLOCKS = YES;
				GCC_WARN_64_TO_32_BIT_CONVERSION = YES;
				GCC_WARN_ABOUT_RETURN_TYPE = YES_ERROR;
				GCC_WARN_UNDECLARED_SELECTOR = YES;
				GCC_WARN_UNINITIALIZED_AUTOS = YES_AGGRESSIVE;
				GCC_WARN_UNUSED_FUNCTION = YES;
				GCC_WARN_UNUSED_VARIABLE = YES;
				IPHONEOS_DEPLOYMENT_TARGET = 8.1;
				MTL_ENABLE_DEBUG_INFO = NO;
				SDKROOT = iphoneos;
				VALIDATE_PRODUCT = YES;
			};
			name = Release;
		};
		3494D37C1B6BD506000C252B /* Debug */ = {
			isa = XCBuildConfiguration;
			buildSettings = {
				ASSETCATALOG_COMPILER_APPICON_NAME = AppIcon;
				INFOPLIST_FILE = ScrollingTabBar/Info.plist;
				LD_RUNPATH_SEARCH_PATHS = "$(inherited) @executable_path/Frameworks";
				PRODUCT_NAME = "$(TARGET_NAME)";
			};
			name = Debug;
		};
		3494D37D1B6BD506000C252B /* Release */ = {
			isa = XCBuildConfiguration;
			buildSettings = {
				ASSETCATALOG_COMPILER_APPICON_NAME = AppIcon;
				INFOPLIST_FILE = ScrollingTabBar/Info.plist;
				LD_RUNPATH_SEARCH_PATHS = "$(inherited) @executable_path/Frameworks";
				PRODUCT_NAME = "$(TARGET_NAME)";
			};
			name = Release;
		};
/* End XCBuildConfiguration section */

/* Begin XCConfigurationList section */
		3494D3531B6BD506000C252B /* Build configuration list for PBXProject "ScrollingTabBar" */ = {
			isa = XCConfigurationList;
			buildConfigurations = (
				3494D3791B6BD506000C252B /* Debug */,
				3494D37A1B6BD506000C252B /* Release */,
			);
			defaultConfigurationIsVisible = 0;
			defaultConfigurationName = Release;
		};
		3494D37B1B6BD506000C252B /* Build configuration list for PBXNativeTarget "ScrollingTabBar" */ = {
			isa = XCConfigurationList;
			buildConfigurations = (
				3494D37C1B6BD506000C252B /* Debug */,
				3494D37D1B6BD506000C252B /* Release */,
			);
			defaultConfigurationIsVisible = 0;
		};
/* End XCConfigurationList section */
	};
	rootObject = 3494D3501B6BD506000C252B /* Project object */;
}
